// !$*UTF8*$!
{
	archiveVersion = 1;
	classes = {
	};
	objectVersion = 46;
	objects = {

/* Begin PBXBuildFile section */
		BA3E454C1DBAAD26009716C8 /* AddTodoItemController.swift in Sources */ = {isa = PBXBuildFile; fileRef = BA3E454B1DBAAD26009716C8 /* AddTodoItemController.swift */; };
		BA3E45501DBAB967009716C8 /* CompletedTodoItemsController.swift in Sources */ = {isa = PBXBuildFile; fileRef = BA3E454F1DBAB967009716C8 /* CompletedTodoItemsController.swift */; };
		BAB688831DBA7798005D9991 /* AppDelegate.swift in Sources */ = {isa = PBXBuildFile; fileRef = BAB688821DBA7798005D9991 /* AppDelegate.swift */; };
		BAB688851DBA7798005D9991 /* ViewController.swift in Sources */ = {isa = PBXBuildFile; fileRef = BAB688841DBA7798005D9991 /* ViewController.swift */; };
		BAB688881DBA7798005D9991 /* Main.storyboard in Resources */ = {isa = PBXBuildFile; fileRef = BAB688861DBA7798005D9991 /* Main.storyboard */; };
		BAB6888A1DBA7798005D9991 /* Assets.xcassets in Resources */ = {isa = PBXBuildFile; fileRef = BAB688891DBA7798005D9991 /* Assets.xcassets */; };
		BAB6888D1DBA7798005D9991 /* LaunchScreen.storyboard in Resources */ = {isa = PBXBuildFile; fileRef = BAB6888B1DBA7798005D9991 /* LaunchScreen.storyboard */; };
/* End PBXBuildFile section */

/* Begin PBXFileReference section */
		BA3E454B1DBAAD26009716C8 /* AddTodoItemController.swift */ = {isa = PBXFileReference; fileEncoding = 4; lastKnownFileType = sourcecode.swift; path = AddTodoItemController.swift; sourceTree = "<group>"; };
		BA3E454F1DBAB967009716C8 /* CompletedTodoItemsController.swift */ = {isa = PBXFileReference; fileEncoding = 4; lastKnownFileType = sourcecode.swift; name = CompletedTodoItemsController.swift; path = ../CompletedTodoItemsController.swift; sourceTree = "<group>"; };
		BAB6887F1DBA7798005D9991 /* TodoList.app */ = {isa = PBXFileReference; explicitFileType = wrapper.application; includeInIndex = 0; path = TodoList.app; sourceTree = BUILT_PRODUCTS_DIR; };
		BAB688821DBA7798005D9991 /* AppDelegate.swift */ = {isa = PBXFileReference; lastKnownFileType = sourcecode.swift; path = AppDelegate.swift; sourceTree = "<group>"; };
		BAB688841DBA7798005D9991 /* ViewController.swift */ = {isa = PBXFileReference; lastKnownFileType = sourcecode.swift; path = ViewController.swift; sourceTree = "<group>"; };
		BAB688871DBA7798005D9991 /* Base */ = {isa = PBXFileReference; lastKnownFileType = file.storyboard; name = Base; path = Base.lproj/Main.storyboard; sourceTree = "<group>"; };
		BAB688891DBA7798005D9991 /* Assets.xcassets */ = {isa = PBXFileReference; lastKnownFileType = folder.assetcatalog; path = Assets.xcassets; sourceTree = "<group>"; };
		BAB6888C1DBA7798005D9991 /* Base */ = {isa = PBXFileReference; lastKnownFileType = file.storyboard; name = Base; path = Base.lproj/LaunchScreen.storyboard; sourceTree = "<group>"; };
		BAB6888E1DBA7798005D9991 /* Info.plist */ = {isa = PBXFileReference; lastKnownFileType = text.plist.xml; path = Info.plist; sourceTree = "<group>"; };
/* End PBXFileReference section */

/* Begin PBXFrameworksBuildPhase section */
		BAB6887C1DBA7798005D9991 /* Frameworks */ = {
			isa = PBXFrameworksBuildPhase;
			buildActionMask = 2147483647;
			files = (
			);
			runOnlyForDeploymentPostprocessing = 0;
		};
/* End PBXFrameworksBuildPhase section */

/* Begin PBXGroup section */
		BAB688761DBA7798005D9991 = {
			isa = PBXGroup;
			children = (
				BAB688811DBA7798005D9991 /* TodoList */,
				BAB688801DBA7798005D9991 /* Products */,
			);
			sourceTree = "<group>";
		};
		BAB688801DBA7798005D9991 /* Products */ = {
			isa = PBXGroup;
			children = (
				BAB6887F1DBA7798005D9991 /* TodoList.app */,
			);
			name = Products;
			sourceTree = "<group>";
		};
		BAB688811DBA7798005D9991 /* TodoList */ = {
			isa = PBXGroup;
			children = (
				BA3E454F1DBAB967009716C8 /* CompletedTodoItemsController.swift */,
				BAB688821DBA7798005D9991 /* AppDelegate.swift */,
				BAB688841DBA7798005D9991 /* ViewController.swift */,
				BAB688861DBA7798005D9991 /* Main.storyboard */,
				BA3E454B1DBAAD26009716C8 /* AddTodoItemController.swift */,
				BAB688891DBA7798005D9991 /* Assets.xcassets */,
				BAB6888B1DBA7798005D9991 /* LaunchScreen.storyboard */,
				BAB6888E1DBA7798005D9991 /* Info.plist */,
			);
			path = TodoList;
			sourceTree = "<group>";
		};
/* End PBXGroup section */

/* Begin PBXNativeTarget section */
		BAB6887E1DBA7798005D9991 /* TodoList */ = {
			isa = PBXNativeTarget;
			buildConfigurationList = BAB688911DBA7798005D9991 /* Build configuration list for PBXNativeTarget "TodoList" */;
			buildPhases = (
				BAB6887B1DBA7798005D9991 /* Sources */,
				BAB6887C1DBA7798005D9991 /* Frameworks */,
				BAB6887D1DBA7798005D9991 /* Resources */,
			);
			buildRules = (
			);
			dependencies = (
			);
			name = TodoList;
			productName = TodoList;
			productReference = BAB6887F1DBA7798005D9991 /* TodoList.app */;
			productType = "com.apple.product-type.application";
		};
/* End PBXNativeTarget section */

/* Begin PBXProject section */
		BAB688771DBA7798005D9991 /* Project object */ = {
			isa = PBXProject;
			attributes = {
				LastSwiftUpdateCheck = 0800;
				LastUpgradeCheck = 0800;
				ORGANIZATIONNAME = "Eric Groom";
				TargetAttributes = {
					BAB6887E1DBA7798005D9991 = {
						CreatedOnToolsVersion = 8.0;
						DevelopmentTeam = 9AH9J2C937;
						ProvisioningStyle = Automatic;
					};
				};
			};
			buildConfigurationList = BAB6887A1DBA7798005D9991 /* Build configuration list for PBXProject "TodoList" */;
			compatibilityVersion = "Xcode 3.2";
			developmentRegion = English;
			hasScannedForEncodings = 0;
			knownRegions = (
				en,
				Base,
			);
			mainGroup = BAB688761DBA7798005D9991;
			productRefGroup = BAB688801DBA7798005D9991 /* Products */;
			projectDirPath = "";
			projectRoot = "";
			targets = (
				BAB6887E1DBA7798005D9991 /* TodoList */,
			);
		};
/* End PBXProject section */

/* Begin PBXResourcesBuildPhase section */
		BAB6887D1DBA7798005D9991 /* Resources */ = {
			isa = PBXResourcesBuildPhase;
			buildActionMask = 2147483647;
			files = (
				BAB6888D1DBA7798005D9991 /* LaunchScreen.storyboard in Resources */,
				BAB6888A1DBA7798005D9991 /* Assets.xcassets in Resources */,
				BAB688881DBA7798005D9991 /* Main.storyboard in Resources */,
			);
			runOnlyForDeploymentPostprocessing = 0;
		};
/* End PBXResourcesBuildPhase section */

/* Begin PBXSourcesBuildPhase section */
		BAB6887B1DBA7798005D9991 /* Sources */ = {
			isa = PBXSourcesBuildPhase;
			buildActionMask = 2147483647;
			files = (
				BAB688851DBA7798005D9991 /* ViewController.swift in Sources */,
				BA3E454C1DBAAD26009716C8 /* AddTodoItemController.swift in Sources */,
				BA3E45501DBAB967009716C8 /* CompletedTodoItemsController.swift in Sources */,
				BAB688831DBA7798005D9991 /* AppDelegate.swift in Sources */,
			);
			runOnlyForDeploymentPostprocessing = 0;
		};
/* End PBXSourcesBuildPhase section */

/* Begin PBXVariantGroup section */
		BAB688861DBA7798005D9991 /* Main.storyboard */ = {
			isa = PBXVariantGroup;
			children = (
				BAB688871DBA7798005D9991 /* Base */,
			);
			name = Main.storyboard;
			sourceTree = "<group>";
		};
		BAB6888B1DBA7798005D9991 /* LaunchScreen.storyboard */ = {
			isa = PBXVariantGroup;
			children = (
				BAB6888C1DBA7798005D9991 /* Base */,
			);
			name = LaunchScreen.storyboard;
			sourceTree = "<group>";
		};
/* End PBXVariantGroup section */

/* Begin XCBuildConfiguration section */
		BAB6888F1DBA7798005D9991 /* Debug */ = {
			isa = XCBuildConfiguration;
			buildSettings = {
				ALWAYS_SEARCH_USER_PATHS = NO;
				CLANG_ANALYZER_NONNULL = YES;
				CLANG_CXX_LANGUAGE_STANDARD = "gnu++0x";
				CLANG_CXX_LIBRARY = "libc++";
				CLANG_ENABLE_MODULES = YES;
				CLANG_ENABLE_OBJC_ARC = YES;
				CLANG_WARN_BOOL_CONVERSION = YES;
				CLANG_WARN_CONSTANT_CONVERSION = YES;
				CLANG_WARN_DIRECT_OBJC_ISA_USAGE = YES_ERROR;
				CLANG_WARN_DOCUMENTATION_COMMENTS = YES;
				CLANG_WARN_EMPTY_BODY = YES;
				CLANG_WARN_ENUM_CONVERSION = YES;
				CLANG_WARN_INFINITE_RECURSION = YES;
				CLANG_WARN_INT_CONVERSION = YES;
				CLANG_WARN_OBJC_ROOT_CLASS = YES_ERROR;
				CLANG_WARN_SUSPICIOUS_MOVES = YES;
				CLANG_WARN_UNREACHABLE_CODE = YES;
				CLANG_WARN__DUPLICATE_METHOD_MATCH = YES;
				"CODE_SIGN_IDENTITY[sdk=iphoneos*]" = "iPhone Developer";
				COPY_PHASE_STRIP = NO;
				DEBUG_INFORMATION_FORMAT = dwarf;
				ENABLE_STRICT_OBJC_MSGSEND = YES;
				ENABLE_TESTABILITY = YES;
				GCC_C_LANGUAGE_STANDARD = gnu99;
				GCC_DYNAMIC_NO_PIC = NO;
				GCC_NO_COMMON_BLOCKS = YES;
				GCC_OPTIMIZATION_LEVEL = 0;
				GCC_PREPROCESSOR_DEFINITIONS = (
					"DEBUG=1",
					"$(inherited)",
				);
				GCC_WARN_64_TO_32_BIT_CONVERSION = YES;
				GCC_WARN_ABOUT_RETURN_TYPE = YES_ERROR;
				GCC_WARN_UNDECLARED_SELECTOR = YES;
				GCC_WARN_UNINITIALIZED_AUTOS = YES_AGGRESSIVE;
				GCC_WARN_UNUSED_FUNCTION = YES;
				GCC_WARN_UNUSED_VARIABLE = YES;
				IPHONEOS_DEPLOYMENT_TARGET = 10.0;
				MTL_ENABLE_DEBUG_INFO = YES;
				ONLY_ACTIVE_ARCH = YES;
				SDKROOT = iphoneos;
				SWIFT_ACTIVE_COMPILATION_CONDITIONS = DEBUG;
				SWIFT_OPTIMIZATION_LEVEL = "-Onone";
				TARGETED_DEVICE_FAMILY = "1,2";
			};
			name = Debug;
		};
		BAB688901DBA7798005D9991 /* Release */ = {
			isa = XCBuildConfiguration;
			buildSettings = {
				ALWAYS_SEARCH_USER_PATHS = NO;
				CLANG_ANALYZER_NONNULL = YES;
				CLANG_CXX_LANGUAGE_STANDARD = "gnu++0x";
				CLANG_CXX_LIBRARY = "libc++";
				CLANG_ENABLE_MODULES = YES;
				CLANG_ENABLE_OBJC_ARC = YES;
				CLANG_WARN_BOOL_CONVERSION = YES;
				CLANG_WARN_CONSTANT_CONVERSION = YES;
				CLANG_WARN_DIRECT_OBJC_ISA_USAGE = YES_ERROR;
				CLANG_WARN_DOCUMENTATION_COMMENTS = YES;
				CLANG_WARN_EMPTY_BODY = YES;
				CLANG_WARN_ENUM_CONVERSION = YES;
				CLANG_WARN_INFINITE_RECURSION = YES;
				CLANG_WARN_INT_CONVERSION = YES;
				CLANG_WARN_OBJC_ROOT_CLASS = YES_ERROR;
				CLANG_WARN_SUSPICIOUS_MOVES = YES;
				CLANG_WARN_UNREACHABLE_CODE = YES;
				CLANG_WARN__DUPLICATE_METHOD_MATCH = YES;
				"CODE_SIGN_IDENTITY[sdk=iphoneos*]" = "iPhone Developer";
				COPY_PHASE_STRIP = NO;
				DEBUG_INFORMATION_FORMAT = "dwarf-with-dsym";
				ENABLE_NS_ASSERTIONS = NO;
				ENABLE_STRICT_OBJC_MSGSEND = YES;
				GCC_C_LANGUAGE_STANDARD = gnu99;
				GCC_NO_COMMON_BLOCKS = YES;
				GCC_WARN_64_TO_32_BIT_CONVERSION = YES;
				GCC_WARN_ABOUT_RETURN_TYPE = YES_ERROR;
				GCC_WARN_UNDECLARED_SELECTOR = YES;
				GCC_WARN_UNINITIALIZED_AUTOS = YES_AGGRESSIVE;
				GCC_WARN_UNUSED_FUNCTION = YES;
				GCC_WARN_UNUSED_VARIABLE = YES;
				IPHONEOS_DEPLOYMENT_TARGET = 10.0;
				MTL_ENABLE_DEBUG_INFO = NO;
				SDKROOT = iphoneos;
				SWIFT_OPTIMIZATION_LEVEL = "-Owholemodule";
				TARGETED_DEVICE_FAMILY = "1,2";
				VALIDATE_PRODUCT = YES;
			};
			name = Release;
		};
		BAB688921DBA7798005D9991 /* Debug */ = {
			isa = XCBuildConfiguration;
			buildSettings = {
				ASSETCATALOG_COMPILER_APPICON_NAME = AppIcon;
				DEVELOPMENT_TEAM = 9AH9J2C937;
				INFOPLIST_FILE = TodoList/Info.plist;
				LD_RUNPATH_SEARCH_PATHS = "$(inherited) @executable_path/Frameworks";
				PRODUCT_BUNDLE_IDENTIFIER = com.ericgroom.TodoList;
				PRODUCT_NAME = "$(TARGET_NAME)";
				SWIFT_VERSION = 3.0;
			};
			name = Debug;
		};
		BAB688931DBA7798005D9991 /* Release */ = {
			isa = XCBuildConfiguration;
			buildSettings = {
				ASSETCATALOG_COMPILER_APPICON_NAME = AppIcon;
				DEVELOPMENT_TEAM = 9AH9J2C937;
				INFOPLIST_FILE = TodoList/Info.plist;
				LD_RUNPATH_SEARCH_PATHS = "$(inherited) @executable_path/Frameworks";
				PRODUCT_BUNDLE_IDENTIFIER = com.ericgroom.TodoList;
				PRODUCT_NAME = "$(TARGET_NAME)";
				SWIFT_VERSION = 3.0;
			};
			name = Release;
		};
/* End XCBuildConfiguration section */

/* Begin XCConfigurationList section */
		BAB6887A1DBA7798005D9991 /* Build configuration list for PBXProject "TodoList" */ = {
			isa = XCConfigurationList;
			buildConfigurations = (
				BAB6888F1DBA7798005D9991 /* Debug */,
				BAB688901DBA7798005D9991 /* Release */,
			);
			defaultConfigurationIsVisible = 0;
			defaultConfigurationName = Release;
		};
		BAB688911DBA7798005D9991 /* Build configuration list for PBXNativeTarget "TodoList" */ = {
			isa = XCConfigurationList;
			buildConfigurations = (
				BAB688921DBA7798005D9991 /* Debug */,
				BAB688931DBA7798005D9991 /* Release */,
			);
			defaultConfigurationIsVisible = 0;
			defaultConfigurationName = Release;
		};
/* End XCConfigurationList section */
	};
	rootObject = BAB688771DBA7798005D9991 /* Project object */;
}
